
Microsoft Visual Studio Solution File, Format Version 12.00
# Visual Studio 15
VisualStudioVersion = 15.0.28010.2026
MinimumVisualStudioVersion = 10.0.40219.1
Project("{9A19103F-16F7-4668-BE54-9A1E7A4F7556}") = "DynaISO8583", "DynaISO8583\DynaISO8583.csproj", "{6164BF59-0AD2-4AE4-B064-6EF140540E2C}"
EndProject
Project("{FAE04EC0-301F-11D3-BF4B-00C04F79EFBC}") = "Test", "Test\Test.csproj", "{10FFAC33-B8D0-4970-BE61-2A8DC5D65C8F}"
EndProject
Global
	GlobalSection(SolutionConfigurationPlatforms) = preSolution
		Debug|Any CPU = Debug|Any CPU
		Release|Any CPU = Release|Any CPU
	EndGlobalSection
	GlobalSection(ProjectConfigurationPlatforms) = postSolution
		{6164BF59-0AD2-4AE4-B064-6EF140540E2C}.Debug|Any CPU.ActiveCfg = Debug|Any CPU
		{6164BF59-0AD2-4AE4-B064-6EF140540E2C}.Debug|Any CPU.Build.0 = Debug|Any CPU
		{6164BF59-0AD2-4AE4-B064-6EF140540E2C}.Release|Any CPU.ActiveCfg = Release|Any CPU
		{6164BF59-0AD2-4AE4-B064-6EF140540E2C}.Release|Any CPU.Build.0 = Release|Any CPU
		{10FFAC33-B8D0-4970-BE61-2A8DC5D65C8F}.Debug|Any CPU.ActiveCfg = Debug|Any CPU
		{10FFAC33-B8D0-4970-BE61-2A8DC5D65C8F}.Debug|Any CPU.Build.0 = Debug|Any CPU
		{10FFAC33-B8D0-4970-BE61-2A8DC5D65C8F}.Release|Any CPU.ActiveCfg = Release|Any CPU
		{10FFAC33-B8D0-4970-BE61-2A8DC5D65C8F}.Release|Any CPU.Build.0 = Release|Any CPU
	EndGlobalSection
	GlobalSection(SolutionProperties) = preSolution
		HideSolutionNode = FALSE
	EndGlobalSection
	GlobalSection(ExtensibilityGlobals) = postSolution
		SolutionGuid = {21698837-3D13-47A6-A152-01A2F48F194A}
	EndGlobalSection
EndGlobal
